{
  "name": "@heretic-labs/console-js",
  "version": "1.0.0",
  "lockfileVersion": 1,
  "requires": true,
  "dependencies": {
    "@heretic-labs/storage-js": {
      "version": "1.0.0",
      "resolved": "https://npm.pkg.github.com/download/@heretic-labs/storage-js/1.0.0/188aa814f53f99ace06ea791b684e5ffc45bc808f4f1236c8209e64b8c11d28d",
      "integrity": "sha512-Jhyu1dGrotNP7LWcPfdmYmHAcHKt6PUgLb2ZaIh9ehXoHNLc+/fRaOSYjZYiZbs428CWlisf/KzWG3Mb7Rlo/A=="
    }
  }
}
